Microsoft Visual Studio Solution File, Format Version 12.00
# Visual Studio Version 17
VisualStudioVersion = 17.5.2.0
MinimumVisualStudioVersion = 10.0.40219.1
Project("{FAE04EC0-301F-11D3-BF4B-00C04F79EFBC}") = "ZFitness", "ZFitness.csproj", "{F98DA079-FE42-325D-D715-22A27F675034}"
EndProject
Global
	GlobalSection(SolutionConfigurationPlatforms) = preSolution
		Debug|Any CPU = Debug|Any CPU
		Release|Any CPU = Release|Any CPU
	EndGlobalSection
	GlobalSection(ProjectConfigurationPlatforms) = postSolution
		{F98DA079-FE42-325D-D715-22A27F675034}.Debug|Any CPU.ActiveCfg = Debug|Any CPU
		{F98DA079-FE42-325D-D715-22A27F675034}.Debug|Any CPU.Build.0 = Debug|Any CPU
		{F98DA079-FE42-325D-D715-22A27F675034}.Release|Any CPU.ActiveCfg = Release|Any CPU
		{F98DA079-FE42-325D-D715-22A27F675034}.Release|Any CPU.Build.0 = Release|Any CPU
	EndGlobalSection
	GlobalSection(SolutionProperties) = preSolution
		HideSolutionNode = FALSE
	EndGlobalSection
	GlobalSection(ExtensibilityGlobals) = postSolution
		SolutionGuid = {D3077C60-6D74-4396-9373-0B985ABDEE40}
	EndGlobalSection
EndGlobal 